// !$*UTF8*$!
{
	archiveVersion = 1;
	classes = {
	};
	objectVersion = 46;
	objects = {

/* Begin PBXBuildFile section */
		353155E01497E1A400666DB6 /* UIKit.framework in Frameworks */ = {isa = PBXBuildFile; fileRef = 353155DF1497E1A300666DB6 /* UIKit.framework */; };
		353155E21497E1A400666DB6 /* Foundation.framework in Frameworks */ = {isa = PBXBuildFile; fileRef = 353155E11497E1A400666DB6 /* Foundation.framework */; };
		353155E41497E1A400666DB6 /* CoreGraphics.framework in Frameworks */ = {isa = PBXBuildFile; fileRef = 353155E31497E1A400666DB6 /* CoreGraphics.framework */; };
		353155EA1497E1A400666DB6 /* InfoPlist.strings in Resources */ = {isa = PBXBuildFile; fileRef = 353155E81497E1A400666DB6 /* InfoPlist.strings */; };
		353155EC1497E1A400666DB6 /* main.m in Sources */ = {isa = PBXBuildFile; fileRef = 353155EB1497E1A400666DB6 /* main.m */; };
		353155F01497E1A400666DB6 /* LGAppDelegate.m in Sources */ = {isa = PBXBuildFile; fileRef = 353155EF1497E1A400666DB6 /* LGAppDelegate.m */; };
		353155F31497E1A400666DB6 /* MainStoryboard.storyboard in Resources */ = {isa = PBXBuildFile; fileRef = 353155F11497E1A400666DB6 /* MainStoryboard.storyboard */; };
		353155F61497E1A400666DB6 /* LGViewController.m in Sources */ = {isa = PBXBuildFile; fileRef = 353155F51497E1A400666DB6 /* LGViewController.m */; };
		353155FE1497E55E00666DB6 /* SessionsViewController.m in Sources */ = {isa = PBXBuildFile; fileRef = 353155FD1497E55E00666DB6 /* SessionsViewController.m */; };
		353156011497F33700666DB6 /* SessionViewController.m in Sources */ = {isa = PBXBuildFile; fileRef = 353156001497F33700666DB6 /* SessionViewController.m */; };
		35315604149801F600666DB6 /* CategorySelectionViewController.m in Sources */ = {isa = PBXBuildFile; fileRef = 35315603149801F600666DB6 /* CategorySelectionViewController.m */; };
		35369F8A149A96A80005CA8B /* Twitter.framework in Frameworks */ = {isa = PBXBuildFile; fileRef = 35369F89149A96A80005CA8B /* Twitter.framework */; };
		35369F8E149A9A5D0005CA8B /* HashTagViewController.m in Sources */ = {isa = PBXBuildFile; fileRef = 35369F8D149A9A5D0005CA8B /* HashTagViewController.m */; };
		35369FF3149B95B40005CA8B /* advanced.png in Resources */ = {isa = PBXBuildFile; fileRef = 35369FD3149B95B40005CA8B /* advanced.png */; };
		35369FF4149B95B40005CA8B /* advanced@2x.png in Resources */ = {isa = PBXBuildFile; fileRef = 35369FD4149B95B40005CA8B /* advanced@2x.png */; };
		35369FF5149B95B40005CA8B /* agenda_tabbar.png in Resources */ = {isa = PBXBuildFile; fileRef = 35369FD5149B95B40005CA8B /* agenda_tabbar.png */; };
		35369FF6149B95B40005CA8B /* agenda_tabbar@2x.png in Resources */ = {isa = PBXBuildFile; fileRef = 35369FD6149B95B40005CA8B /* agenda_tabbar@2x.png */; };
		35369FF7149B95B40005CA8B /* beginner.png in Resources */ = {isa = PBXBuildFile; fileRef = 35369FD7149B95B40005CA8B /* beginner.png */; };
		35369FF8149B95B40005CA8B /* beginner@2x.png in Resources */ = {isa = PBXBuildFile; fileRef = 35369FD8149B95B40005CA8B /* beginner@2x.png */; };
		35369FF9149B95B40005CA8B /* calendar_checked.png in Resources */ = {isa = PBXBuildFile; fileRef = 35369FD9149B95B40005CA8B /* calendar_checked.png */; };
		35369FFA149B95B40005CA8B /* calendar_checked@2x.png in Resources */ = {isa = PBXBuildFile; fileRef = 35369FDA149B95B40005CA8B /* calendar_checked@2x.png */; };
		35369FFB149B95B40005CA8B /* calendar_unchecked.png in Resources */ = {isa = PBXBuildFile; fileRef = 35369FDB149B95B40005CA8B /* calendar_unchecked.png */; };
		35369FFC149B95B40005CA8B /* calendar_unchecked@2x.png in Resources */ = {isa = PBXBuildFile; fileRef = 35369FDC149B95B40005CA8B /* calendar_unchecked@2x.png */; };
		35369FFD149B95B40005CA8B /* checkbox_basic_checked.png in Resources */ = {isa = PBXBuildFile; fileRef = 35369FDD149B95B40005CA8B /* checkbox_basic_checked.png */; };
		35369FFE149B95B40005CA8B /* checkbox_basic_checked@2x.png in Resources */ = {isa = PBXBuildFile; fileRef = 35369FDE149B95B40005CA8B /* checkbox_basic_checked@2x.png */; };
		35369FFF149B95B40005CA8B /* checkbox_basic.png in Resources */ = {isa = PBXBuildFile; fileRef = 35369FDF149B95B40005CA8B /* checkbox_basic.png */; };
		3536A000149B95B40005CA8B /* checkbox_basic@2x.png in Resources */ = {isa = PBXBuildFile; fileRef = 35369FE0149B95B40005CA8B /* checkbox_basic@2x.png */; };
		3536A001149B95B40005CA8B /* hashtag_tabbar.png in Resources */ = {isa = PBXBuildFile; fileRef = 35369FE1149B95B40005CA8B /* hashtag_tabbar.png */; };
		3536A002149B95B40005CA8B /* hashtag_tabbar@2x.png in Resources */ = {isa = PBXBuildFile; fileRef = 35369FE2149B95B40005CA8B /* hashtag_tabbar@2x.png */; };
		3536A003149B95B40005CA8B /* intermediate.png in Resources */ = {isa = PBXBuildFile; fileRef = 35369FE3149B95B40005CA8B /* intermediate.png */; };
		3536A004149B95B40005CA8B /* intermediate@2x.png in Resources */ = {isa = PBXBuildFile; fileRef = 35369FE4149B95B40005CA8B /* intermediate@2x.png */; };
		3536A005149B95B40005CA8B /* link.png in Resources */ = {isa = PBXBuildFile; fileRef = 35369FE5149B95B40005CA8B /* link.png */; };
		3536A006149B95B40005CA8B /* link@2x.png in Resources */ = {isa = PBXBuildFile; fileRef = 35369FE6149B95B40005CA8B /* link@2x.png */; };
		3536A007149B95B40005CA8B /* map.png in Resources */ = {isa = PBXBuildFile; fileRef = 35369FE7149B95B40005CA8B /* map.png */; };
		3536A008149B95B40005CA8B /* map@2x.png in Resources */ = {isa = PBXBuildFile; fileRef = 35369FE8149B95B40005CA8B /* map@2x.png */; };
		3536A009149B95B40005CA8B /* notes_tabbar.png in Resources */ = {isa = PBXBuildFile; fileRef = 35369FE9149B95B40005CA8B /* notes_tabbar.png */; };
		3536A00A149B95B40005CA8B /* notes_tabbar@2x.png in Resources */ = {isa = PBXBuildFile; fileRef = 35369FEA149B95B40005CA8B /* notes_tabbar@2x.png */; };
		3536A00B149B95B40005CA8B /* precompiler_tabbar.png in Resources */ = {isa = PBXBuildFile; fileRef = 35369FEB149B95B40005CA8B /* precompiler_tabbar.png */; };
		3536A00C149B95B40005CA8B /* precompiler_tabbar@2x.png in Resources */ = {isa = PBXBuildFile; fileRef = 35369FEC149B95B40005CA8B /* precompiler_tabbar@2x.png */; };
		3536A00E149B95B40005CA8B /* sessions_tabbar@2x.png in Resources */ = {isa = PBXBuildFile; fileRef = 35369FEE149B95B40005CA8B /* sessions_tabbar@2x.png */; };
		3536A00F149B95B40005CA8B /* speaker.png in Resources */ = {isa = PBXBuildFile; fileRef = 35369FEF149B95B40005CA8B /* speaker.png */; };
		3536A010149B95B40005CA8B /* speaker@2x.png in Resources */ = {isa = PBXBuildFile; fileRef = 35369FF0149B95B40005CA8B /* speaker@2x.png */; };
		3536A011149B95B40005CA8B /* twitter.png in Resources */ = {isa = PBXBuildFile; fileRef = 35369FF1149B95B40005CA8B /* twitter.png */; };
		3536A012149B95B40005CA8B /* twitter@2x.png in Resources */ = {isa = PBXBuildFile; fileRef = 35369FF2149B95B40005CA8B /* twitter@2x.png */; };
		3536A014149B97970005CA8B /* sessions_tabbar.png in Resources */ = {isa = PBXBuildFile; fileRef = 3536A013149B97970005CA8B /* sessions_tabbar.png */; };
		3536A017149B9DC70005CA8B /* MyAgendaViewController.m in Sources */ = {isa = PBXBuildFile; fileRef = 3536A016149B9DC70005CA8B /* MyAgendaViewController.m */; };
		3536A021149BB0B50005CA8B /* CodeMashModels.xcdatamodeld in Sources */ = {isa = PBXBuildFile; fileRef = 3536A01F149BB0B50005CA8B /* CodeMashModels.xcdatamodeld */; };
		3536A02D149BC7FA0005CA8B /* CoreData.framework in Frameworks */ = {isa = PBXBuildFile; fileRef = 3536A02C149BC7FA0005CA8B /* CoreData.framework */; };
		3536A030149BCDA90005CA8B /* empty_agenda.png in Resources */ = {isa = PBXBuildFile; fileRef = 3536A02E149BCDA90005CA8B /* empty_agenda.png */; };
		3536A031149BCDA90005CA8B /* empty_agenda@2x.png in Resources */ = {isa = PBXBuildFile; fileRef = 3536A02F149BCDA90005CA8B /* empty_agenda@2x.png */; };
		3536A04B149BD83D0005CA8B /* Agenda.m in Sources */ = {isa = PBXBuildFile; fileRef = 3536A04A149BD83D0005CA8B /* Agenda.m */; };
		3536A04E149BD83E0005CA8B /* Note.m in Sources */ = {isa = PBXBuildFile; fileRef = 3536A04D149BD83E0005CA8B /* Note.m */; };
		3536A051149BD83E0005CA8B /* Session.m in Sources */ = {isa = PBXBuildFile; fileRef = 3536A050149BD83E0005CA8B /* Session.m */; };
		3536A054149BD83F0005CA8B /* Speaker.m in Sources */ = {isa = PBXBuildFile; fileRef = 3536A053149BD83F0005CA8B /* Speaker.m */; };
		3536A061149F9E110005CA8B /* ExpandoObject.m in Sources */ = {isa = PBXBuildFile; fileRef = 3536A060149F9E110005CA8B /* ExpandoObject.m */; };
		3536A065149FB1680005CA8B /* Agenda+Agenda_Internal_.m in Sources */ = {isa = PBXBuildFile; fileRef = 3536A064149FB1680005CA8B /* Agenda+Agenda_Internal_.m */; };
		3536A068149FB2340005CA8B /* Note+Note_Internal_.m in Sources */ = {isa = PBXBuildFile; fileRef = 3536A067149FB2330005CA8B /* Note+Note_Internal_.m */; };
		3543F927149904C700E89640 /* NotesViewController.m in Sources */ = {isa = PBXBuildFile; fileRef = 3543F926149904C700E89640 /* NotesViewController.m */; };
		3543F92B149907CA00E89640 /* NoteViewController.m in Sources */ = {isa = PBXBuildFile; fileRef = 3543F92A149907CA00E89640 /* NoteViewController.m */; };
		3543F92E149907DC00E89640 /* ComposeNoteViewController.m in Sources */ = {isa = PBXBuildFile; fileRef = 3543F92D149907DC00E89640 /* ComposeNoteViewController.m */; };
		3543F93014990BCC00E89640 /* AssetsLibrary.framework in Frameworks */ = {isa = PBXBuildFile; fileRef = 3543F92F14990BCB00E89640 /* AssetsLibrary.framework */; };
		3543F93214990BD600E89640 /* QuartzCore.framework in Frameworks */ = {isa = PBXBuildFile; fileRef = 3543F93114990BD600E89640 /* QuartzCore.framework */; };
		35AE47EB149A772300AAD74A /* MobileCoreServices.framework in Frameworks */ = {isa = PBXBuildFile; fileRef = 35AE47EA149A772300AAD74A /* MobileCoreServices.framework */; };
		35F8BB8C149FD7CC00C01F4D /* SessionsTableViewCell.m in Sources */ = {isa = PBXBuildFile; fileRef = 35F8BB8B149FD7CC00C01F4D /* SessionsTableViewCell.m */; };
/* End PBXBuildFile section */

/* Begin PBXFileReference section */
		353155DB1497E1A300666DB6 /* Smackdown.app */ = {isa = PBXFileReference; explicitFileType = wrapper.application; includeInIndex = 0; path = Smackdown.app; sourceTree = BUILT_PRODUCTS_DIR; };
		353155DF1497E1A300666DB6 /* UIKit.framework */ = {isa = PBXFileReference; lastKnownFileType = wrapper.framework; name = UIKit.framework; path = System/Library/Frameworks/UIKit.framework; sourceTree = SDKROOT; };
		353155E11497E1A400666DB6 /* Foundation.framework */ = {isa = PBXFileReference; lastKnownFileType = wrapper.framework; name = Foundation.framework; path = System/Library/Frameworks/Foundation.framework; sourceTree = SDKROOT; };
		353155E31497E1A400666DB6 /* CoreGraphics.framework */ = {isa = PBXFileReference; lastKnownFileType = wrapper.framework; name = CoreGraphics.framework; path = System/Library/Frameworks/CoreGraphics.framework; sourceTree = SDKROOT; };
		353155E71497E1A400666DB6 /* Smackdown-Info.plist */ = {isa = PBXFileReference; lastKnownFileType = text.plist.xml; path = "Smackdown-Info.plist"; sourceTree = "<group>"; };
		353155E91497E1A400666DB6 /* en */ = {isa = PBXFileReference; lastKnownFileType = text.plist.strings; name = en; path = en.lproj/InfoPlist.strings; sourceTree = "<group>"; };
		353155EB1497E1A400666DB6 /* main.m */ = {isa = PBXFileReference; lastKnownFileType = sourcecode.c.objc; path = main.m; sourceTree = "<group>"; };
		353155ED1497E1A400666DB6 /* Smackdown-Prefix.pch */ = {isa = PBXFileReference; lastKnownFileType = sourcecode.c.h; path = "Smackdown-Prefix.pch"; sourceTree = "<group>"; };
		353155EE1497E1A400666DB6 /* LGAppDelegate.h */ = {isa = PBXFileReference; lastKnownFileType = sourcecode.c.h; path = LGAppDelegate.h; sourceTree = "<group>"; };
		353155EF1497E1A400666DB6 /* LGAppDelegate.m */ = {isa = PBXFileReference; lastKnownFileType = sourcecode.c.objc; path = LGAppDelegate.m; sourceTree = "<group>"; };
		353155F21497E1A400666DB6 /* en */ = {isa = PBXFileReference; lastKnownFileType = file.storyboard; name = en; path = en.lproj/MainStoryboard.storyboard; sourceTree = "<group>"; };
		353155F41497E1A400666DB6 /* LGViewController.h */ = {isa = PBXFileReference; lastKnownFileType = sourcecode.c.h; path = LGViewController.h; sourceTree = "<group>"; };
		353155F51497E1A400666DB6 /* LGViewController.m */ = {isa = PBXFileReference; lastKnownFileType = sourcecode.c.objc; path = LGViewController.m; sourceTree = "<group>"; };
		353155FC1497E55E00666DB6 /* SessionsViewController.h */ = {isa = PBXFileReference; fileEncoding = 4; lastKnownFileType = sourcecode.c.h; path = SessionsViewController.h; sourceTree = "<group>"; };
		353155FD1497E55E00666DB6 /* SessionsViewController.m */ = {isa = PBXFileReference; fileEncoding = 4; lastKnownFileType = sourcecode.c.objc; path = SessionsViewController.m; sourceTree = "<group>"; };
		353155FF1497F33700666DB6 /* SessionViewController.h */ = {isa = PBXFileReference; fileEncoding = 4; lastKnownFileType = sourcecode.c.h; path = SessionViewController.h; sourceTree = "<group>"; };
		353156001497F33700666DB6 /* SessionViewController.m */ = {isa = PBXFileReference; fileEncoding = 4; lastKnownFileType = sourcecode.c.objc; path = SessionViewController.m; sourceTree = "<group>"; };
		35315602149801F500666DB6 /* CategorySelectionViewController.h */ = {isa = PBXFileReference; fileEncoding = 4; lastKnownFileType = sourcecode.c.h; path = CategorySelectionViewController.h; sourceTree = "<group>"; };
		35315603149801F600666DB6 /* CategorySelectionViewController.m */ = {isa = PBXFileReference; fileEncoding = 4; lastKnownFileType = sourcecode.c.objc; path = CategorySelectionViewController.m; sourceTree = "<group>"; };
		35369F89149A96A80005CA8B /* Twitter.framework */ = {isa = PBXFileReference; lastKnownFileType = wrapper.framework; name = Twitter.framework; path = System/Library/Frameworks/Twitter.framework; sourceTree = SDKROOT; };
		35369F8C149A9A5D0005CA8B /* HashTagViewController.h */ = {isa = PBXFileReference; fileEncoding = 4; lastKnownFileType = sourcecode.c.h; path = HashTagViewController.h; sourceTree = "<group>"; };
		35369F8D149A9A5D0005CA8B /* HashTagViewController.m */ = {isa = PBXFileReference; fileEncoding = 4; lastKnownFileType = sourcecode.c.objc; path = HashTagViewController.m; sourceTree = "<group>"; };
		35369FD3149B95B40005CA8B /* advanced.png */ = {isa = PBXFileReference; lastKnownFileType = image.png; path = advanced.png; sourceTree = "<group>"; };
		35369FD4149B95B40005CA8B /* advanced@2x.png */ = {isa = PBXFileReference; lastKnownFileType = image.png; path = "advanced@2x.png"; sourceTree = "<group>"; };
		35369FD5149B95B40005CA8B /* agenda_tabbar.png */ = {isa = PBXFileReference; lastKnownFileType = image.png; path = agenda_tabbar.png; sourceTree = "<group>"; };
		35369FD6149B95B40005CA8B /* agenda_tabbar@2x.png */ = {isa = PBXFileReference; lastKnownFileType = image.png; path = "agenda_tabbar@2x.png"; sourceTree = "<group>"; };
		35369FD7149B95B40005CA8B /* beginner.png */ = {isa = PBXFileReference; lastKnownFileType = image.png; path = beginner.png; sourceTree = "<group>"; };
		35369FD8149B95B40005CA8B /* beginner@2x.png */ = {isa = PBXFileReference; lastKnownFileType = image.png; path = "beginner@2x.png"; sourceTree = "<group>"; };
		35369FD9149B95B40005CA8B /* calendar_checked.png */ = {isa = PBXFileReference; lastKnownFileType = image.png; path = calendar_checked.png; sourceTree = "<group>"; };
		35369FDA149B95B40005CA8B /* calendar_checked@2x.png */ = {isa = PBXFileReference; lastKnownFileType = image.png; path = "calendar_checked@2x.png"; sourceTree = "<group>"; };
		35369FDB149B95B40005CA8B /* calendar_unchecked.png */ = {isa = PBXFileReference; lastKnownFileType = image.png; path = calendar_unchecked.png; sourceTree = "<group>"; };
		35369FDC149B95B40005CA8B /* calendar_unchecked@2x.png */ = {isa = PBXFileReference; lastKnownFileType = image.png; path = "calendar_unchecked@2x.png"; sourceTree = "<group>"; };
		35369FDD149B95B40005CA8B /* checkbox_basic_checked.png */ = {isa = PBXFileReference; lastKnownFileType = image.png; path = checkbox_basic_checked.png; sourceTree = "<group>"; };
		35369FDE149B95B40005CA8B /* checkbox_basic_checked@2x.png */ = {isa = PBXFileReference; lastKnownFileType = image.png; path = "checkbox_basic_checked@2x.png"; sourceTree = "<group>"; };
		35369FDF149B95B40005CA8B /* checkbox_basic.png */ = {isa = PBXFileReference; lastKnownFileType = image.png; path = checkbox_basic.png; sourceTree = "<group>"; };
		35369FE0149B95B40005CA8B /* checkbox_basic@2x.png */ = {isa = PBXFileReference; lastKnownFileType = image.png; path = "checkbox_basic@2x.png"; sourceTree = "<group>"; };
		35369FE1149B95B40005CA8B /* hashtag_tabbar.png */ = {isa = PBXFileReference; lastKnownFileType = image.png; path = hashtag_tabbar.png; sourceTree = "<group>"; };
		35369FE2149B95B40005CA8B /* hashtag_tabbar@2x.png */ = {isa = PBXFileReference; lastKnownFileType = image.png; path = "hashtag_tabbar@2x.png"; sourceTree = "<group>"; };
		35369FE3149B95B40005CA8B /* intermediate.png */ = {isa = PBXFileReference; lastKnownFileType = image.png; path = intermediate.png; sourceTree = "<group>"; };
		35369FE4149B95B40005CA8B /* intermediate@2x.png */ = {isa = PBXFileReference; lastKnownFileType = image.png; path = "intermediate@2x.png"; sourceTree = "<group>"; };
		35369FE5149B95B40005CA8B /* link.png */ = {isa = PBXFileReference; lastKnownFileType = image.png; path = link.png; sourceTree = "<group>"; };
		35369FE6149B95B40005CA8B /* link@2x.png */ = {isa = PBXFileReference; lastKnownFileType = image.png; path = "link@2x.png"; sourceTree = "<group>"; };
		35369FE7149B95B40005CA8B /* map.png */ = {isa = PBXFileReference; lastKnownFileType = image.png; path = map.png; sourceTree = "<group>"; };
		35369FE8149B95B40005CA8B /* map@2x.png */ = {isa = PBXFileReference; lastKnownFileType = image.png; path = "map@2x.png"; sourceTree = "<group>"; };
		35369FE9149B95B40005CA8B /* notes_tabbar.png */ = {isa = PBXFileReference; lastKnownFileType = image.png; path = notes_tabbar.png; sourceTree = "<group>"; };
		35369FEA149B95B40005CA8B /* notes_tabbar@2x.png */ = {isa = PBXFileReference; lastKnownFileType = image.png; path = "notes_tabbar@2x.png"; sourceTree = "<group>"; };
		35369FEB149B95B40005CA8B /* precompiler_tabbar.png */ = {isa = PBXFileReference; lastKnownFileType = image.png; path = precompiler_tabbar.png; sourceTree = "<group>"; };
		35369FEC149B95B40005CA8B /* precompiler_tabbar@2x.png */ = {isa = PBXFileReference; lastKnownFileType = image.png; path = "precompiler_tabbar@2x.png"; sourceTree = "<group>"; };
		35369FEE149B95B40005CA8B /* sessions_tabbar@2x.png */ = {isa = PBXFileReference; lastKnownFileType = image.png; path = "sessions_tabbar@2x.png"; sourceTree = "<group>"; };
		35369FEF149B95B40005CA8B /* speaker.png */ = {isa = PBXFileReference; lastKnownFileType = image.png; path = speaker.png; sourceTree = "<group>"; };
		35369FF0149B95B40005CA8B /* speaker@2x.png */ = {isa = PBXFileReference; lastKnownFileType = image.png; path = "speaker@2x.png"; sourceTree = "<group>"; };
		35369FF1149B95B40005CA8B /* twitter.png */ = {isa = PBXFileReference; lastKnownFileType = image.png; path = twitter.png; sourceTree = "<group>"; };
		35369FF2149B95B40005CA8B /* twitter@2x.png */ = {isa = PBXFileReference; lastKnownFileType = image.png; path = "twitter@2x.png"; sourceTree = "<group>"; };
		3536A013149B97970005CA8B /* sessions_tabbar.png */ = {isa = PBXFileReference; lastKnownFileType = image.png; path = sessions_tabbar.png; sourceTree = "<group>"; };
		3536A015149B9DC70005CA8B /* MyAgendaViewController.h */ = {isa = PBXFileReference; fileEncoding = 4; lastKnownFileType = sourcecode.c.h; path = MyAgendaViewController.h; sourceTree = "<group>"; };
		3536A016149B9DC70005CA8B /* MyAgendaViewController.m */ = {isa = PBXFileReference; fileEncoding = 4; lastKnownFileType = sourcecode.c.objc; path = MyAgendaViewController.m; sourceTree = "<group>"; };
		3536A020149BB0B50005CA8B /* CodeMashModels.xcdatamodel */ = {isa = PBXFileReference; lastKnownFileType = wrapper.xcdatamodel; path = CodeMashModels.xcdatamodel; sourceTree = "<group>"; };
		3536A02C149BC7FA0005CA8B /* CoreData.framework */ = {isa = PBXFileReference; lastKnownFileType = wrapper.framework; name = CoreData.framework; path = System/Library/Frameworks/CoreData.framework; sourceTree = SDKROOT; };
		3536A02E149BCDA90005CA8B /* empty_agenda.png */ = {isa = PBXFileReference; lastKnownFileType = image.png; path = empty_agenda.png; sourceTree = "<group>"; };
		3536A02F149BCDA90005CA8B /* empty_agenda@2x.png */ = {isa = PBXFileReference; lastKnownFileType = image.png; path = "empty_agenda@2x.png"; sourceTree = "<group>"; };
		3536A049149BD83D0005CA8B /* Agenda.h */ = {isa = PBXFileReference; fileEncoding = 4; lastKnownFileType = sourcecode.c.h; path = Agenda.h; sourceTree = "<group>"; };
		3536A04A149BD83D0005CA8B /* Agenda.m */ = {isa = PBXFileReference; fileEncoding = 4; lastKnownFileType = sourcecode.c.objc; path = Agenda.m; sourceTree = "<group>"; };
		3536A04C149BD83E0005CA8B /* Note.h */ = {isa = PBXFileReference; fileEncoding = 4; lastKnownFileType = sourcecode.c.h; path = Note.h; sourceTree = "<group>"; };
		3536A04D149BD83E0005CA8B /* Note.m */ = {isa = PBXFileReference; fileEncoding = 4; lastKnownFileType = sourcecode.c.objc; path = Note.m; sourceTree = "<group>"; };
		3536A04F149BD83E0005CA8B /* Session.h */ = {isa = PBXFileReference; fileEncoding = 4; lastKnownFileType = sourcecode.c.h; path = Session.h; sourceTree = "<group>"; };
		3536A050149BD83E0005CA8B /* Session.m */ = {isa = PBXFileReference; fileEncoding = 4; lastKnownFileType = sourcecode.c.objc; path = Session.m; sourceTree = "<group>"; };
		3536A052149BD83F0005CA8B /* Speaker.h */ = {isa = PBXFileReference; fileEncoding = 4; lastKnownFileType = sourcecode.c.h; path = Speaker.h; sourceTree = "<group>"; };
		3536A053149BD83F0005CA8B /* Speaker.m */ = {isa = PBXFileReference; fileEncoding = 4; lastKnownFileType = sourcecode.c.objc; path = Speaker.m; sourceTree = "<group>"; };
		3536A05F149F9E110005CA8B /* ExpandoObject.h */ = {isa = PBXFileReference; fileEncoding = 4; lastKnownFileType = sourcecode.c.h; path = ExpandoObject.h; sourceTree = "<group>"; };
		3536A060149F9E110005CA8B /* ExpandoObject.m */ = {isa = PBXFileReference; fileEncoding = 4; lastKnownFileType = sourcecode.c.objc; path = ExpandoObject.m; sourceTree = "<group>"; };
		3536A063149FB1670005CA8B /* Agenda+Agenda_Internal_.h */ = {isa = PBXFileReference; fileEncoding = 4; lastKnownFileType = sourcecode.c.h; path = "Agenda+Agenda_Internal_.h"; sourceTree = "<group>"; };
		3536A064149FB1680005CA8B /* Agenda+Agenda_Internal_.m */ = {isa = PBXFileReference; fileEncoding = 4; lastKnownFileType = sourcecode.c.objc; path = "Agenda+Agenda_Internal_.m"; sourceTree = "<group>"; };
		3536A066149FB2330005CA8B /* Note+Note_Internal_.h */ = {isa = PBXFileReference; fileEncoding = 4; lastKnownFileType = sourcecode.c.h; path = "Note+Note_Internal_.h"; sourceTree = "<group>"; };
		3536A067149FB2330005CA8B /* Note+Note_Internal_.m */ = {isa = PBXFileReference; fileEncoding = 4; lastKnownFileType = sourcecode.c.objc; path = "Note+Note_Internal_.m"; sourceTree = "<group>"; };
		3543F925149904C700E89640 /* NotesViewController.h */ = {isa = PBXFileReference; fileEncoding = 4; lastKnownFileType = sourcecode.c.h; path = NotesViewController.h; sourceTree = "<group>"; };
		3543F926149904C700E89640 /* NotesViewController.m */ = {isa = PBXFileReference; fileEncoding = 4; lastKnownFileType = sourcecode.c.objc; path = NotesViewController.m; sourceTree = "<group>"; };
		3543F929149907CA00E89640 /* NoteViewController.h */ = {isa = PBXFileReference; fileEncoding = 4; lastKnownFileType = sourcecode.c.h; path = NoteViewController.h; sourceTree = "<group>"; };
		3543F92A149907CA00E89640 /* NoteViewController.m */ = {isa = PBXFileReference; fileEncoding = 4; lastKnownFileType = sourcecode.c.objc; path = NoteViewController.m; sourceTree = "<group>"; };
		3543F92C149907DC00E89640 /* ComposeNoteViewController.h */ = {isa = PBXFileReference; fileEncoding = 4; lastKnownFileType = sourcecode.c.h; path = ComposeNoteViewController.h; sourceTree = "<group>"; };
		3543F92D149907DC00E89640 /* ComposeNoteViewController.m */ = {isa = PBXFileReference; fileEncoding = 4; lastKnownFileType = sourcecode.c.objc; path = ComposeNoteViewController.m; sourceTree = "<group>"; };
		3543F92F14990BCB00E89640 /* AssetsLibrary.framework */ = {isa = PBXFileReference; lastKnownFileType = wrapper.framework; name = AssetsLibrary.framework; path = System/Library/Frameworks/AssetsLibrary.framework; sourceTree = SDKROOT; };
		3543F93114990BD600E89640 /* QuartzCore.framework */ = {isa = PBXFileReference; lastKnownFileType = wrapper.framework; name = QuartzCore.framework; path = System/Library/Frameworks/QuartzCore.framework; sourceTree = SDKROOT; };
		35AE47EA149A772300AAD74A /* MobileCoreServices.framework */ = {isa = PBXFileReference; lastKnownFileType = wrapper.framework; name = MobileCoreServices.framework; path = System/Library/Frameworks/MobileCoreServices.framework; sourceTree = SDKROOT; };
		35F8BB8A149FD7CC00C01F4D /* SessionsTableViewCell.h */ = {isa = PBXFileReference; fileEncoding = 4; lastKnownFileType = sourcecode.c.h; path = SessionsTableViewCell.h; sourceTree = "<group>"; };
		35F8BB8B149FD7CC00C01F4D /* SessionsTableViewCell.m */ = {isa = PBXFileReference; fileEncoding = 4; lastKnownFileType = sourcecode.c.objc; path = SessionsTableViewCell.m; sourceTree = "<group>"; };
/* End PBXFileReference section */

/* Begin PBXFrameworksBuildPhase section */
		353155D81497E1A300666DB6 /* Frameworks */ = {
			isa = PBXFrameworksBuildPhase;
			buildActionMask = 2147483647;
			files = (
				3536A02D149BC7FA0005CA8B /* CoreData.framework in Frameworks */,
				35369F8A149A96A80005CA8B /* Twitter.framework in Frameworks */,
				35AE47EB149A772300AAD74A /* MobileCoreServices.framework in Frameworks */,
				3543F93214990BD600E89640 /* QuartzCore.framework in Frameworks */,
				3543F93014990BCC00E89640 /* AssetsLibrary.framework in Frameworks */,
				353155E01497E1A400666DB6 /* UIKit.framework in Frameworks */,
				353155E21497E1A400666DB6 /* Foundation.framework in Frameworks */,
				353155E41497E1A400666DB6 /* CoreGraphics.framework in Frameworks */,
			);
			runOnlyForDeploymentPostprocessing = 0;
		};
/* End PBXFrameworksBuildPhase section */

/* Begin PBXGroup section */
		353155D01497E1A300666DB6 = {
			isa = PBXGroup;
			children = (
				353155E51497E1A400666DB6 /* Smackdown */,
				353155DE1497E1A300666DB6 /* Frameworks */,
				353155DC1497E1A300666DB6 /* Products */,
			);
			sourceTree = "<group>";
		};
		353155DC1497E1A300666DB6 /* Products */ = {
			isa = PBXGroup;
			children = (
				353155DB1497E1A300666DB6 /* Smackdown.app */,
			);
			name = Products;
			sourceTree = "<group>";
		};
		353155DE1497E1A300666DB6 /* Frameworks */ = {
			isa = PBXGroup;
			children = (
				3536A02C149BC7FA0005CA8B /* CoreData.framework */,
				35369F89149A96A80005CA8B /* Twitter.framework */,
				35AE47EA149A772300AAD74A /* MobileCoreServices.framework */,
				3543F93114990BD600E89640 /* QuartzCore.framework */,
				3543F92F14990BCB00E89640 /* AssetsLibrary.framework */,
				353155DF1497E1A300666DB6 /* UIKit.framework */,
				353155E11497E1A400666DB6 /* Foundation.framework */,
				353155E31497E1A400666DB6 /* CoreGraphics.framework */,
			);
			name = Frameworks;
			sourceTree = "<group>";
		};
		353155E51497E1A400666DB6 /* Smackdown */ = {
			isa = PBXGroup;
			children = (
				35F8BB89149FD7AE00C01F4D /* Views */,
				3536A025149BB1680005CA8B /* Models */,
				35369F8F149AA1100005CA8B /* Assets */,
				353155E61497E1A400666DB6 /* Supporting Files */,
				353155F11497E1A400666DB6 /* MainStoryboard.storyboard */,
				353155EE1497E1A400666DB6 /* LGAppDelegate.h */,
				353155EF1497E1A400666DB6 /* LGAppDelegate.m */,
				353155F41497E1A400666DB6 /* LGViewController.h */,
				353155F51497E1A400666DB6 /* LGViewController.m */,
				353155FC1497E55E00666DB6 /* SessionsViewController.h */,
				353155FD1497E55E00666DB6 /* SessionsViewController.m */,
				353155FF1497F33700666DB6 /* SessionViewController.h */,
				353156001497F33700666DB6 /* SessionViewController.m */,
				35315602149801F500666DB6 /* CategorySelectionViewController.h */,
				35315603149801F600666DB6 /* CategorySelectionViewController.m */,
				3543F925149904C700E89640 /* NotesViewController.h */,
				3543F926149904C700E89640 /* NotesViewController.m */,
				3543F929149907CA00E89640 /* NoteViewController.h */,
				3543F92A149907CA00E89640 /* NoteViewController.m */,
				3543F92C149907DC00E89640 /* ComposeNoteViewController.h */,
				3543F92D149907DC00E89640 /* ComposeNoteViewController.m */,
				35369F8C149A9A5D0005CA8B /* HashTagViewController.h */,
				35369F8D149A9A5D0005CA8B /* HashTagViewController.m */,
				3536A015149B9DC70005CA8B /* MyAgendaViewController.h */,
				3536A016149B9DC70005CA8B /* MyAgendaViewController.m */,
			);
			path = Smackdown;
			sourceTree = "<group>";
		};
		353155E61497E1A400666DB6 /* Supporting Files */ = {
			isa = PBXGroup;
			children = (
				353155E71497E1A400666DB6 /* Smackdown-Info.plist */,
				353155E81497E1A400666DB6 /* InfoPlist.strings */,
				353155EB1497E1A400666DB6 /* main.m */,
				353155ED1497E1A400666DB6 /* Smackdown-Prefix.pch */,
			);
			name = "Supporting Files";
			sourceTree = "<group>";
		};
		35369F8F149AA1100005CA8B /* Assets */ = {
			isa = PBXGroup;
			children = (
				3536A02E149BCDA90005CA8B /* empty_agenda.png */,
				3536A02F149BCDA90005CA8B /* empty_agenda@2x.png */,
				35369FD3149B95B40005CA8B /* advanced.png */,
				35369FD4149B95B40005CA8B /* advanced@2x.png */,
				35369FD5149B95B40005CA8B /* agenda_tabbar.png */,
				35369FD6149B95B40005CA8B /* agenda_tabbar@2x.png */,
				35369FD7149B95B40005CA8B /* beginner.png */,
				35369FD8149B95B40005CA8B /* beginner@2x.png */,
				35369FD9149B95B40005CA8B /* calendar_checked.png */,
				35369FDA149B95B40005CA8B /* calendar_checked@2x.png */,
				35369FDB149B95B40005CA8B /* calendar_unchecked.png */,
				35369FDC149B95B40005CA8B /* calendar_unchecked@2x.png */,
				35369FDD149B95B40005CA8B /* checkbox_basic_checked.png */,
				35369FDE149B95B40005CA8B /* checkbox_basic_checked@2x.png */,
				35369FDF149B95B40005CA8B /* checkbox_basic.png */,
				35369FE0149B95B40005CA8B /* checkbox_basic@2x.png */,
				35369FE1149B95B40005CA8B /* hashtag_tabbar.png */,
				35369FE2149B95B40005CA8B /* hashtag_tabbar@2x.png */,
				35369FE3149B95B40005CA8B /* intermediate.png */,
				35369FE4149B95B40005CA8B /* intermediate@2x.png */,
				35369FE5149B95B40005CA8B /* link.png */,
				35369FE6149B95B40005CA8B /* link@2x.png */,
				35369FE7149B95B40005CA8B /* map.png */,
				35369FE8149B95B40005CA8B /* map@2x.png */,
				35369FE9149B95B40005CA8B /* notes_tabbar.png */,
				35369FEA149B95B40005CA8B /* notes_tabbar@2x.png */,
				35369FEB149B95B40005CA8B /* precompiler_tabbar.png */,
				35369FEC149B95B40005CA8B /* precompiler_tabbar@2x.png */,
				3536A013149B97970005CA8B /* sessions_tabbar.png */,
				35369FEE149B95B40005CA8B /* sessions_tabbar@2x.png */,
				35369FEF149B95B40005CA8B /* speaker.png */,
				35369FF0149B95B40005CA8B /* speaker@2x.png */,
				35369FF1149B95B40005CA8B /* twitter.png */,
				35369FF2149B95B40005CA8B /* twitter@2x.png */,
			);
			name = Assets;
			sourceTree = "<group>";
		};
		3536A025149BB1680005CA8B /* Models */ = {
			isa = PBXGroup;
			children = (
				3536A01F149BB0B50005CA8B /* CodeMashModels.xcdatamodeld */,
				3536A052149BD83F0005CA8B /* Speaker.h */,
				3536A053149BD83F0005CA8B /* Speaker.m */,
				3536A04F149BD83E0005CA8B /* Session.h */,
				3536A050149BD83E0005CA8B /* Session.m */,
				3536A04C149BD83E0005CA8B /* Note.h */,
				3536A04D149BD83E0005CA8B /* Note.m */,
				3536A049149BD83D0005CA8B /* Agenda.h */,
				3536A04A149BD83D0005CA8B /* Agenda.m */,
				3536A05F149F9E110005CA8B /* ExpandoObject.h */,
				3536A060149F9E110005CA8B /* ExpandoObject.m */,
				3536A063149FB1670005CA8B /* Agenda+Agenda_Internal_.h */,
				3536A064149FB1680005CA8B /* Agenda+Agenda_Internal_.m */,
				3536A066149FB2330005CA8B /* Note+Note_Internal_.h */,
				3536A067149FB2330005CA8B /* Note+Note_Internal_.m */,
			);
			name = Models;
			sourceTree = "<group>";
		};
		35F8BB89149FD7AE00C01F4D /* Views */ = {
			isa = PBXGroup;
			children = (
				35F8BB8A149FD7CC00C01F4D /* SessionsTableViewCell.h */,
				35F8BB8B149FD7CC00C01F4D /* SessionsTableViewCell.m */,
			);
			name = Views;
			sourceTree = "<group>";
		};
/* End PBXGroup section */

/* Begin PBXNativeTarget section */
		353155DA1497E1A300666DB6 /* Smackdown */ = {
			isa = PBXNativeTarget;
			buildConfigurationList = 353155F91497E1A400666DB6 /* Build configuration list for PBXNativeTarget "Smackdown" */;
			buildPhases = (
				353155D71497E1A300666DB6 /* Sources */,
				353155D81497E1A300666DB6 /* Frameworks */,
				353155D91497E1A300666DB6 /* Resources */,
			);
			buildRules = (
			);
			dependencies = (
			);
			name = Smackdown;
			productName = Smackdown;
			productReference = 353155DB1497E1A300666DB6 /* Smackdown.app */;
			productType = "com.apple.product-type.application";
		};
/* End PBXNativeTarget section */

/* Begin PBXProject section */
		353155D21497E1A300666DB6 /* Project object */ = {
			isa = PBXProject;
			attributes = {
				LastUpgradeCheck = 0420;
				ORGANIZATIONNAME = fallenrogue.com;
			};
			buildConfigurationList = 353155D51497E1A300666DB6 /* Build configuration list for PBXProject "Smackdown" */;
			compatibilityVersion = "Xcode 3.2";
			developmentRegion = English;
			hasScannedForEncodings = 0;
			knownRegions = (
				en,
			);
			mainGroup = 353155D01497E1A300666DB6;
			productRefGroup = 353155DC1497E1A300666DB6 /* Products */;
			projectDirPath = "";
			projectRoot = "";
			targets = (
				353155DA1497E1A300666DB6 /* Smackdown */,
			);
		};
/* End PBXProject section */

/* Begin PBXResourcesBuildPhase section */
		353155D91497E1A300666DB6 /* Resources */ = {
			isa = PBXResourcesBuildPhase;
			buildActionMask = 2147483647;
			files = (
				353155EA1497E1A400666DB6 /* InfoPlist.strings in Resources */,
				353155F31497E1A400666DB6 /* MainStoryboard.storyboard in Resources */,
				35369FF3149B95B40005CA8B /* advanced.png in Resources */,
				35369FF4149B95B40005CA8B /* advanced@2x.png in Resources */,
				35369FF5149B95B40005CA8B /* agenda_tabbar.png in Resources */,
				35369FF6149B95B40005CA8B /* agenda_tabbar@2x.png in Resources */,
				35369FF7149B95B40005CA8B /* beginner.png in Resources */,
				35369FF8149B95B40005CA8B /* beginner@2x.png in Resources */,
				35369FF9149B95B40005CA8B /* calendar_checked.png in Resources */,
				35369FFA149B95B40005CA8B /* calendar_checked@2x.png in Resources */,
				35369FFB149B95B40005CA8B /* calendar_unchecked.png in Resources */,
				35369FFC149B95B40005CA8B /* calendar_unchecked@2x.png in Resources */,
				35369FFD149B95B40005CA8B /* checkbox_basic_checked.png in Resources */,
				35369FFE149B95B40005CA8B /* checkbox_basic_checked@2x.png in Resources */,
				35369FFF149B95B40005CA8B /* checkbox_basic.png in Resources */,
				3536A000149B95B40005CA8B /* checkbox_basic@2x.png in Resources */,
				3536A001149B95B40005CA8B /* hashtag_tabbar.png in Resources */,
				3536A002149B95B40005CA8B /* hashtag_tabbar@2x.png in Resources */,
				3536A003149B95B40005CA8B /* intermediate.png in Resources */,
				3536A004149B95B40005CA8B /* intermediate@2x.png in Resources */,
				3536A005149B95B40005CA8B /* link.png in Resources */,
				3536A006149B95B40005CA8B /* link@2x.png in Resources */,
				3536A007149B95B40005CA8B /* map.png in Resources */,
				3536A008149B95B40005CA8B /* map@2x.png in Resources */,
				3536A009149B95B40005CA8B /* notes_tabbar.png in Resources */,
				3536A00A149B95B40005CA8B /* notes_tabbar@2x.png in Resources */,
				3536A00B149B95B40005CA8B /* precompiler_tabbar.png in Resources */,
				3536A00C149B95B40005CA8B /* precompiler_tabbar@2x.png in Resources */,
				3536A00E149B95B40005CA8B /* sessions_tabbar@2x.png in Resources */,
				3536A00F149B95B40005CA8B /* speaker.png in Resources */,
				3536A010149B95B40005CA8B /* speaker@2x.png in Resources */,
				3536A011149B95B40005CA8B /* twitter.png in Resources */,
				3536A012149B95B40005CA8B /* twitter@2x.png in Resources */,
				3536A014149B97970005CA8B /* sessions_tabbar.png in Resources */,
				3536A030149BCDA90005CA8B /* empty_agenda.png in Resources */,
				3536A031149BCDA90005CA8B /* empty_agenda@2x.png in Resources */,
			);
			runOnlyForDeploymentPostprocessing = 0;
		};
/* End PBXResourcesBuildPhase section */

/* Begin PBXSourcesBuildPhase section */
		353155D71497E1A300666DB6 /* Sources */ = {
			isa = PBXSourcesBuildPhase;
			buildActionMask = 2147483647;
			files = (
				353155EC1497E1A400666DB6 /* main.m in Sources */,
				353155F01497E1A400666DB6 /* LGAppDelegate.m in Sources */,
				353155F61497E1A400666DB6 /* LGViewController.m in Sources */,
				353155FE1497E55E00666DB6 /* SessionsViewController.m in Sources */,
				353156011497F33700666DB6 /* SessionViewController.m in Sources */,
				35315604149801F600666DB6 /* CategorySelectionViewController.m in Sources */,
				3543F927149904C700E89640 /* NotesViewController.m in Sources */,
				3543F92B149907CA00E89640 /* NoteViewController.m in Sources */,
				3543F92E149907DC00E89640 /* ComposeNoteViewController.m in Sources */,
				35369F8E149A9A5D0005CA8B /* HashTagViewController.m in Sources */,
				3536A017149B9DC70005CA8B /* MyAgendaViewController.m in Sources */,
				3536A021149BB0B50005CA8B /* CodeMashModels.xcdatamodeld in Sources */,
				3536A04B149BD83D0005CA8B /* Agenda.m in Sources */,
				3536A04E149BD83E0005CA8B /* Note.m in Sources */,
				3536A051149BD83E0005CA8B /* Session.m in Sources */,
				3536A054149BD83F0005CA8B /* Speaker.m in Sources */,
				3536A061149F9E110005CA8B /* ExpandoObject.m in Sources */,
				3536A065149FB1680005CA8B /* Agenda+Agenda_Internal_.m in Sources */,
				3536A068149FB2340005CA8B /* Note+Note_Internal_.m in Sources */,
				35F8BB8C149FD7CC00C01F4D /* SessionsTableViewCell.m in Sources */,
			);
			runOnlyForDeploymentPostprocessing = 0;
		};
/* End PBXSourcesBuildPhase section */

/* Begin PBXVariantGroup section */
		353155E81497E1A400666DB6 /* InfoPlist.strings */ = {
			isa = PBXVariantGroup;
			children = (
				353155E91497E1A400666DB6 /* en */,
			);
			name = InfoPlist.strings;
			sourceTree = "<group>";
		};
		353155F11497E1A400666DB6 /* MainStoryboard.storyboard */ = {
			isa = PBXVariantGroup;
			children = (
				353155F21497E1A400666DB6 /* en */,
			);
			name = MainStoryboard.storyboard;
			sourceTree = "<group>";
		};
/* End PBXVariantGroup section */

/* Begin XCBuildConfiguration section */
		353155F71497E1A400666DB6 /* Debug */ = {
			isa = XCBuildConfiguration;
			buildSettings = {
				ALWAYS_SEARCH_USER_PATHS = NO;
				ARCHS = "$(ARCHS_STANDARD_32_BIT)";
				CLANG_ENABLE_OBJC_ARC = YES;
				"CODE_SIGN_IDENTITY[sdk=iphoneos*]" = "iPhone Developer";
				COPY_PHASE_STRIP = NO;
				GCC_C_LANGUAGE_STANDARD = gnu99;
				GCC_DYNAMIC_NO_PIC = NO;
				GCC_OPTIMIZATION_LEVEL = 0;
				GCC_PREPROCESSOR_DEFINITIONS = (
					"DEBUG=1",
					"$(inherited)",
				);
				GCC_SYMBOLS_PRIVATE_EXTERN = NO;
				GCC_VERSION = com.apple.compilers.llvm.clang.1_0;
				GCC_WARN_ABOUT_MISSING_PROTOTYPES = YES;
				GCC_WARN_ABOUT_RETURN_TYPE = YES;
				GCC_WARN_UNUSED_VARIABLE = YES;
				IPHONEOS_DEPLOYMENT_TARGET = 5.0;
				SDKROOT = iphoneos;
			};
			name = Debug;
		};
		353155F81497E1A400666DB6 /* Release */ = {
			isa = XCBuildConfiguration;
			buildSettings = {
				ALWAYS_SEARCH_USER_PATHS = NO;
				ARCHS = "$(ARCHS_STANDARD_32_BIT)";
				CLANG_ENABLE_OBJC_ARC = YES;
				"CODE_SIGN_IDENTITY[sdk=iphoneos*]" = "iPhone Developer";
				COPY_PHASE_STRIP = YES;
				GCC_C_LANGUAGE_STANDARD = gnu99;
				GCC_VERSION = com.apple.compilers.llvm.clang.1_0;
				GCC_WARN_ABOUT_MISSING_PROTOTYPES = YES;
				GCC_WARN_ABOUT_RETURN_TYPE = YES;
				GCC_WARN_UNUSED_VARIABLE = YES;
				IPHONEOS_DEPLOYMENT_TARGET = 5.0;
				OTHER_CFLAGS = "-DNS_BLOCK_ASSERTIONS=1";
				SDKROOT = iphoneos;
				VALIDATE_PRODUCT = YES;
			};
			name = Release;
		};
		353155FA1497E1A400666DB6 /* Debug */ = {
			isa = XCBuildConfiguration;
			buildSettings = {
				GCC_PRECOMPILE_PREFIX_HEADER = YES;
				GCC_PREFIX_HEADER = "Smackdown/Smackdown-Prefix.pch";
				INFOPLIST_FILE = "Smackdown/Smackdown-Info.plist";
				PRODUCT_NAME = "$(TARGET_NAME)";
				WRAPPER_EXTENSION = app;
			};
			name = Debug;
		};
		353155FB1497E1A400666DB6 /* Release */ = {
			isa = XCBuildConfiguration;
			buildSettings = {
				GCC_PRECOMPILE_PREFIX_HEADER = YES;
				GCC_PREFIX_HEADER = "Smackdown/Smackdown-Prefix.pch";
				INFOPLIST_FILE = "Smackdown/Smackdown-Info.plist";
				PRODUCT_NAME = "$(TARGET_NAME)";
				WRAPPER_EXTENSION = app;
			};
			name = Release;
		};
/* End XCBuildConfiguration section */

/* Begin XCConfigurationList section */
		353155D51497E1A300666DB6 /* Build configuration list for PBXProject "Smackdown" */ = {
			isa = XCConfigurationList;
			buildConfigurations = (
				353155F71497E1A400666DB6 /* Debug */,
				353155F81497E1A400666DB6 /* Release */,
			);
			defaultConfigurationIsVisible = 0;
			defaultConfigurationName = Release;
		};
		353155F91497E1A400666DB6 /* Build configuration list for PBXNativeTarget "Smackdown" */ = {
			isa = XCConfigurationList;
			buildConfigurations = (
				353155FA1497E1A400666DB6 /* Debug */,
				353155FB1497E1A400666DB6 /* Release */,
			);
			defaultConfigurationIsVisible = 0;
			defaultConfigurationName = Release;
		};
/* End XCConfigurationList section */

/* Begin XCVersionGroup section */
		3536A01F149BB0B50005CA8B /* CodeMashModels.xcdatamodeld */ = {
			isa = XCVersionGroup;
			children = (
				3536A020149BB0B50005CA8B /* CodeMashModels.xcdatamodel */,
			);
			currentVersion = 3536A020149BB0B50005CA8B /* CodeMashModels.xcdatamodel */;
			path = CodeMashModels.xcdatamodeld;
			sourceTree = "<group>";
			versionGroupType = wrapper.xcdatamodel;
		};
/* End XCVersionGroup section */
	};
	rootObject = 353155D21497E1A300666DB6 /* Project object */;
}
